dependencies:
- name: gateway-helm
  repository: oci://docker.io/envoyproxy
  version: v1.4.2
- name: ai-gateway-helm
  repository: oci://docker.io/envoyproxy
  version: v0.0.0-latest
digest: sha256:14ba6f84d8b77f0c7272c7a7450e9c092b2d178a2e3b2aad4c0af29fb220fc1d
generated: "2025-07-28T18:34:56.760777+02:00"
