dependencies:
- name: open-webui
  repository: https://helm.openwebui.com
  version: 7.0.1
- name: common
  repository: https://charts.bitnami.com/bitnami
  version: 2.31.3
- name: tika
  repository: https://apache.jfrog.io/artifactory/tika
  version: 2.9.0
- name: chromadb
  repository: https://amikos-tech.github.io/chromadb-chart/
  version: 0.1.24
digest: sha256:ca917840412e11efe4a42ba6c10c8e6ecbb954e7c62fcb308cad06de46c326fa
generated: "2025-08-01T10:18:06.414217+02:00"
